// !$*UTF8*$!
{
	archiveVersion = 1;
	classes = {
	};
	objectVersion = 77;
	objects = {

/* Begin PBXBuildFile section */
		0ACE0DF246E6C9113117D9D2 /* APIClientTests.swift in Sources */ = {isa = PBXBuildFile; fileRef = A54CD3A506F4844D6ADED50F /* APIClientTests.swift */; };
		14BA6C2A8C833314C7A48661 /* CreateDetailsScreenUITests.swift in Sources */ = {isa = PBXBuildFile; fileRef = 878A93B1461049232AB47961 /* CreateDetailsScreenUITests.swift */; };
		14D0ACE06F9A6B84A86D42E8 /* AppRuntime.swift in Sources */ = {isa = PBXBuildFile; fileRef = D4C53BE638AC1AEE1B0EF53F /* AppRuntime.swift */; };
		1A06676D1FCC7C3735C1B8FF /* ExploreMapScreenUITests.swift in Sources */ = {isa = PBXBuildFile; fileRef = 49F6D8A697BBF8A5AF67AE12 /* ExploreMapScreenUITests.swift */; };
		1A9F0B5216EB828C06527DD6 /* AppCoordinator.swift in Sources */ = {isa = PBXBuildFile; fileRef = DF0D6EAEC5DC0568832CF9E0 /* AppCoordinator.swift */; };
		234169349DA29B0404333E26 /* AdventureDetailScreenModel.swift in Sources */ = {isa = PBXBuildFile; fileRef = CDF7EF28E13F858A8A323023 /* AdventureDetailScreenModel.swift */; };
		25F552FC297E51936B4D87F4 /* HiddenAdventuresUITestCase.swift in Sources */ = {isa = PBXBuildFile; fileRef = 4EF356DA0F457DD8875DF255 /* HiddenAdventuresUITestCase.swift */; };
		297C277C6A85B02B7C78DFB3 /* ProfileService.swift in Sources */ = {isa = PBXBuildFile; fileRef = 85DEB3130C9F6520644EA13B /* ProfileService.swift */; };
		2D938DD14B8A27E3D0D7DE5F /* AppSession.swift in Sources */ = {isa = PBXBuildFile; fileRef = 7152BCD3FCE7EB6F6DF3D607 /* AppSession.swift */; };
		3214D501D6F3668543D18B6E /* CreateAdventureScreenModel.swift in Sources */ = {isa = PBXBuildFile; fileRef = 11C94430132D9F87A520CB09 /* CreateAdventureScreenModel.swift */; };
		330303AA9C434504A8A84B62 /* CreateLocationSheetUITests.swift in Sources */ = {isa = PBXBuildFile; fileRef = 4029AF47246E5C1FE6C6F21A /* CreateLocationSheetUITests.swift */; };
		3F49A76E8A480F177CC5E38C /* ProfileSetupView.swift in Sources */ = {isa = PBXBuildFile; fileRef = A2A8856125A0CA6BB1A9B602 /* ProfileSetupView.swift */; };
		474FDD68998A13DADD708AD5 /* CategoryTests.swift in Sources */ = {isa = PBXBuildFile; fileRef = 0FB2EE7B37F2B8D24184BFC1 /* CategoryTests.swift */; };
		50405A84C4F24E92D60CFA7B /* MockFixtures.swift in Sources */ = {isa = PBXBuildFile; fileRef = 6728D21F886AE321FCB1FCF7 /* MockFixtures.swift */; };
		578DEF1A228358CEBBE4BE49 /* VerificationCodeView.swift in Sources */ = {isa = PBXBuildFile; fileRef = D7D16887C4FBEEAD1AAC53C6 /* VerificationCodeView.swift */; };
		5B58C9379D10CC5F756AB455 /* AdventureDetailView.swift in Sources */ = {isa = PBXBuildFile; fileRef = 51AEB6FD9CC9D30EC2CC883E /* AdventureDetailView.swift */; };
		5FF1999DA0CDC78210EAAEC8 /* RootView.swift in Sources */ = {isa = PBXBuildFile; fileRef = 2B33EC6D97B65EF29FDCB70C /* RootView.swift */; };
		62C06078139D3DE7646834ED /* ExploreShellView.swift in Sources */ = {isa = PBXBuildFile; fileRef = 742712AC53B2228B513E2B06 /* ExploreShellView.swift */; };
		667E9CB3F5192D2F2618F4F5 /* DetailScreenUITests.swift in Sources */ = {isa = PBXBuildFile; fileRef = 9E13547CAFE706BA9FCD8491 /* DetailScreenUITests.swift */; };
		67B2C8F82886F8611EA41B19 /* WelcomeView.swift in Sources */ = {isa = PBXBuildFile; fileRef = A85B19635A8492F38A602880 /* WelcomeView.swift */; };
		6EE6AC8E2576DE9484094829 /* WalkthroughFlowUITests.swift in Sources */ = {isa = PBXBuildFile; fileRef = 1FCDFA427313D13A957A8283 /* WalkthroughFlowUITests.swift */; };
		70EE2C3E969A2DE0BA5DC8D5 /* AuthService.swift in Sources */ = {isa = PBXBuildFile; fileRef = E6A53E432DA9DAF9850E1E7D /* AuthService.swift */; };
		71B6DE7A2A03523127BDDA8C /* AdventurePresentation.swift in Sources */ = {isa = PBXBuildFile; fileRef = 04ED8E7C985A6D2822EB21E0 /* AdventurePresentation.swift */; };
		7AEC3634F2409B8FE515F6FA /* AppSessionTests.swift in Sources */ = {isa = PBXBuildFile; fileRef = 0AC6E797CF0BA0AEC6CD09C5 /* AppSessionTests.swift */; };
		7C1BD75A72A2384DDDF4B5E5 /* MapExploreView.swift in Sources */ = {isa = PBXBuildFile; fileRef = 7B9C204CDC9CECCE3B5C52BB /* MapExploreView.swift */; };
		847A62A8477527C62F54C9EA /* AppLogger.swift in Sources */ = {isa = PBXBuildFile; fileRef = 44C2C944F4B8A9D7340E147E /* AppLogger.swift */; };
		85AF54B80AFA8B5ECA6E7E46 /* APIClient.swift in Sources */ = {isa = PBXBuildFile; fileRef = 4E511B17A0ECDFA6F1AB77E8 /* APIClient.swift */; };
		8CDF375376256283378E729E /* AppAuthService.swift in Sources */ = {isa = PBXBuildFile; fileRef = 6457D56B398A66AA58579E9B /* AppAuthService.swift */; };
		91B11263D979B8D63EB2E15D /* WelcomeScreenUITests.swift in Sources */ = {isa = PBXBuildFile; fileRef = D03C9F255C1253A3E7CEBA87 /* WelcomeScreenUITests.swift */; };
		9850F8D83B318009FF879E7D /* EmailAuthView.swift in Sources */ = {isa = PBXBuildFile; fileRef = 54906CF98DFC7DC399031293 /* EmailAuthView.swift */; };
		9ADA44B142A6FA2CA40C4B42 /* DomainModels.swift in Sources */ = {isa = PBXBuildFile; fileRef = 88AEF072A39B651C9DDE2C67 /* DomainModels.swift */; };
		9C2079E9659C1A13B754D8DB /* CreateAdventureView.swift in Sources */ = {isa = PBXBuildFile; fileRef = 40D77A572154244836C95B3E /* CreateAdventureView.swift */; };
		9E6D7FE6A5B6C4039C4BF53C /* AppAuthServiceTests.swift in Sources */ = {isa = PBXBuildFile; fileRef = 40DD20342AFA48F59E803B89 /* AppAuthServiceTests.swift */; };
		A8C4B0E9F16AC84BEC0B95E9 /* FeedView.swift in Sources */ = {isa = PBXBuildFile; fileRef = DEBD234077F99604B20D3700 /* FeedView.swift */; };
		AF5F56F417AC628A475C211F /* HATheme.swift in Sources */ = {isa = PBXBuildFile; fileRef = C28907C1C2F454066D9FD614 /* HATheme.swift */; };
		B6D4E78A2B750DF065BCF686 /* ProfileView.swift in Sources */ = {isa = PBXBuildFile; fileRef = F43A73CAE79695A47AF0A128 /* ProfileView.swift */; };
		BAEF7813756E5167B6B263FE /* ScreenGalleryRegressionUITests.swift in Sources */ = {isa = PBXBuildFile; fileRef = 725134AE2289C5B714A9678B /* ScreenGalleryRegressionUITests.swift */; };
		BB778F9D50706FEC787C6EB1 /* Assets.xcassets in Resources */ = {isa = PBXBuildFile; fileRef = 8853742130D14660B95AFB3A /* Assets.xcassets */; };
		C9E91AFB760282C44A5742A1 /* HAComponents.swift in Sources */ = {isa = PBXBuildFile; fileRef = 0E40A4A859110E763484291F /* HAComponents.swift */; };
		CBFAE28EBF8C6494CB5ADDD5 /* DetailLayoutRegressionUITests.swift in Sources */ = {isa = PBXBuildFile; fileRef = 1456AD27A70CE746F35FB259 /* DetailLayoutRegressionUITests.swift */; };
		D1D79C7D9E1EBDA25A8F421F /* HiddenAdventuresApp.swift in Sources */ = {isa = PBXBuildFile; fileRef = FF981AA58002EB9F259A6D6A /* HiddenAdventuresApp.swift */; };
		D5807D3BB1478C4255B30064 /* AdventureServiceTests.swift in Sources */ = {isa = PBXBuildFile; fileRef = BB1D5B2ECB2BDA4F62F95B12 /* AdventureServiceTests.swift */; };
		DB55771CA83A3CBFEE066EA5 /* ProfileScreenUITests.swift in Sources */ = {isa = PBXBuildFile; fileRef = E5B8DC51912FF08F694F7355 /* ProfileScreenUITests.swift */; };
		EA97DCAAFFFC08E4DE48099B /* ExploreFeedScreenUITests.swift in Sources */ = {isa = PBXBuildFile; fileRef = 5A57CF53873D2F336149EB1A /* ExploreFeedScreenUITests.swift */; };
		EFD205891C2C36C8AF087561 /* CreatePhotosScreenUITests.swift in Sources */ = {isa = PBXBuildFile; fileRef = DEE9CDCE65CAC9ED874ADC91 /* CreatePhotosScreenUITests.swift */; };
		F00FAC9FEA692263063DE968 /* AdventureService.swift in Sources */ = {isa = PBXBuildFile; fileRef = F7ACE178766C7775048192A0 /* AdventureService.swift */; };
/* End PBXBuildFile section */

/* Begin PBXContainerItemProxy section */
		08556D58D96155637E95DD71 /* PBXContainerItemProxy */ = {
			isa = PBXContainerItemProxy;
			containerPortal = D5D621C1B400F524E9218075 /* Project object */;
			proxyType = 1;
			remoteGlobalIDString = B98AE35036B51D3B2379C6A2;
			remoteInfo = HiddenAdventures;
		};
		FF5E2750337553FDBDC5CDA6 /* PBXContainerItemProxy */ = {
			isa = PBXContainerItemProxy;
			containerPortal = D5D621C1B400F524E9218075 /* Project object */;
			proxyType = 1;
			remoteGlobalIDString = B98AE35036B51D3B2379C6A2;
			remoteInfo = HiddenAdventures;
		};
/* End PBXContainerItemProxy section */

/* Begin PBXFileReference section */
		04ED8E7C985A6D2822EB21E0 /* AdventurePresentation.swift */ = {isa = PBXFileReference; lastKnownFileType = sourcecode.swift; path = AdventurePresentation.swift; sourceTree = "<group>"; };
		0AC6E797CF0BA0AEC6CD09C5 /* AppSessionTests.swift */ = {isa = PBXFileReference; lastKnownFileType = sourcecode.swift; path = AppSessionTests.swift; sourceTree = "<group>"; };
		0E40A4A859110E763484291F /* HAComponents.swift */ = {isa = PBXFileReference; lastKnownFileType = sourcecode.swift; path = HAComponents.swift; sourceTree = "<group>"; };
		0FB2EE7B37F2B8D24184BFC1 /* CategoryTests.swift */ = {isa = PBXFileReference; lastKnownFileType = sourcecode.swift; path = CategoryTests.swift; sourceTree = "<group>"; };
		11C94430132D9F87A520CB09 /* CreateAdventureScreenModel.swift */ = {isa = PBXFileReference; lastKnownFileType = sourcecode.swift; path = CreateAdventureScreenModel.swift; sourceTree = "<group>"; };
		1456AD27A70CE746F35FB259 /* DetailLayoutRegressionUITests.swift */ = {isa = PBXFileReference; lastKnownFileType = sourcecode.swift; path = DetailLayoutRegressionUITests.swift; sourceTree = "<group>"; };
		1FCDFA427313D13A957A8283 /* WalkthroughFlowUITests.swift */ = {isa = PBXFileReference; lastKnownFileType = sourcecode.swift; path = WalkthroughFlowUITests.swift; sourceTree = "<group>"; };
		2B33EC6D97B65EF29FDCB70C /* RootView.swift */ = {isa = PBXFileReference; lastKnownFileType = sourcecode.swift; path = RootView.swift; sourceTree = "<group>"; };
		3E56BC51D3E8E025063FCD2E /* HiddenAdventuresTests.xctest */ = {isa = PBXFileReference; includeInIndex = 0; lastKnownFileType = wrapper.cfbundle; path = HiddenAdventuresTests.xctest; sourceTree = BUILT_PRODUCTS_DIR; };
		4029AF47246E5C1FE6C6F21A /* CreateLocationSheetUITests.swift */ = {isa = PBXFileReference; lastKnownFileType = sourcecode.swift; path = CreateLocationSheetUITests.swift; sourceTree = "<group>"; };
		40D77A572154244836C95B3E /* CreateAdventureView.swift */ = {isa = PBXFileReference; lastKnownFileType = sourcecode.swift; path = CreateAdventureView.swift; sourceTree = "<group>"; };
		40DD20342AFA48F59E803B89 /* AppAuthServiceTests.swift */ = {isa = PBXFileReference; lastKnownFileType = sourcecode.swift; path = AppAuthServiceTests.swift; sourceTree = "<group>"; };
		44C2C944F4B8A9D7340E147E /* AppLogger.swift */ = {isa = PBXFileReference; lastKnownFileType = sourcecode.swift; path = AppLogger.swift; sourceTree = "<group>"; };
		49F6D8A697BBF8A5AF67AE12 /* ExploreMapScreenUITests.swift */ = {isa = PBXFileReference; lastKnownFileType = sourcecode.swift; path = ExploreMapScreenUITests.swift; sourceTree = "<group>"; };
		4E511B17A0ECDFA6F1AB77E8 /* APIClient.swift */ = {isa = PBXFileReference; lastKnownFileType = sourcecode.swift; path = APIClient.swift; sourceTree = "<group>"; };
		4EF356DA0F457DD8875DF255 /* HiddenAdventuresUITestCase.swift */ = {isa = PBXFileReference; lastKnownFileType = sourcecode.swift; path = HiddenAdventuresUITestCase.swift; sourceTree = "<group>"; };
		51AEB6FD9CC9D30EC2CC883E /* AdventureDetailView.swift */ = {isa = PBXFileReference; lastKnownFileType = sourcecode.swift; path = AdventureDetailView.swift; sourceTree = "<group>"; };
		54906CF98DFC7DC399031293 /* EmailAuthView.swift */ = {isa = PBXFileReference; lastKnownFileType = sourcecode.swift; path = EmailAuthView.swift; sourceTree = "<group>"; };
		5A57CF53873D2F336149EB1A /* ExploreFeedScreenUITests.swift */ = {isa = PBXFileReference; lastKnownFileType = sourcecode.swift; path = ExploreFeedScreenUITests.swift; sourceTree = "<group>"; };
		5C9F2A9B9224FAF9211A1630 /* FullRegression.xctestplan */ = {isa = PBXFileReference; path = FullRegression.xctestplan; sourceTree = "<group>"; };
		6457D56B398A66AA58579E9B /* AppAuthService.swift */ = {isa = PBXFileReference; lastKnownFileType = sourcecode.swift; path = AppAuthService.swift; sourceTree = "<group>"; };
		6728D21F886AE321FCB1FCF7 /* MockFixtures.swift */ = {isa = PBXFileReference; lastKnownFileType = sourcecode.swift; path = MockFixtures.swift; sourceTree = "<group>"; };
		7152BCD3FCE7EB6F6DF3D607 /* AppSession.swift */ = {isa = PBXFileReference; lastKnownFileType = sourcecode.swift; path = AppSession.swift; sourceTree = "<group>"; };
		725134AE2289C5B714A9678B /* ScreenGalleryRegressionUITests.swift */ = {isa = PBXFileReference; lastKnownFileType = sourcecode.swift; path = ScreenGalleryRegressionUITests.swift; sourceTree = "<group>"; };
		742712AC53B2228B513E2B06 /* ExploreShellView.swift */ = {isa = PBXFileReference; lastKnownFileType = sourcecode.swift; path = ExploreShellView.swift; sourceTree = "<group>"; };
		7B9C204CDC9CECCE3B5C52BB /* MapExploreView.swift */ = {isa = PBXFileReference; lastKnownFileType = sourcecode.swift; path = MapExploreView.swift; sourceTree = "<group>"; };
		808A87D5F1BF4CFE8454A0FB /* HiddenAdventuresUITests.xctest */ = {isa = PBXFileReference; includeInIndex = 0; lastKnownFileType = wrapper.cfbundle; path = HiddenAdventuresUITests.xctest; sourceTree = BUILT_PRODUCTS_DIR; };
		85DEB3130C9F6520644EA13B /* ProfileService.swift */ = {isa = PBXFileReference; lastKnownFileType = sourcecode.swift; path = ProfileService.swift; sourceTree = "<group>"; };
		878A93B1461049232AB47961 /* CreateDetailsScreenUITests.swift */ = {isa = PBXFileReference; lastKnownFileType = sourcecode.swift; path = CreateDetailsScreenUITests.swift; sourceTree = "<group>"; };
		8853742130D14660B95AFB3A /* Assets.xcassets */ = {isa = PBXFileReference; lastKnownFileType = folder.assetcatalog; path = Assets.xcassets; sourceTree = "<group>"; };
		88AEF072A39B651C9DDE2C67 /* DomainModels.swift */ = {isa = PBXFileReference; lastKnownFileType = sourcecode.swift; path = DomainModels.swift; sourceTree = "<group>"; };
		98F32FF7C481D4985E9CB46A /* LocalDev.xctestplan */ = {isa = PBXFileReference; path = LocalDev.xctestplan; sourceTree = "<group>"; };
		9E13547CAFE706BA9FCD8491 /* DetailScreenUITests.swift */ = {isa = PBXFileReference; lastKnownFileType = sourcecode.swift; path = DetailScreenUITests.swift; sourceTree = "<group>"; };
		A2A8856125A0CA6BB1A9B602 /* ProfileSetupView.swift */ = {isa = PBXFileReference; lastKnownFileType = sourcecode.swift; path = ProfileSetupView.swift; sourceTree = "<group>"; };
		A54CD3A506F4844D6ADED50F /* APIClientTests.swift */ = {isa = PBXFileReference; lastKnownFileType = sourcecode.swift; path = APIClientTests.swift; sourceTree = "<group>"; };
		A85B19635A8492F38A602880 /* WelcomeView.swift */ = {isa = PBXFileReference; lastKnownFileType = sourcecode.swift; path = WelcomeView.swift; sourceTree = "<group>"; };
		BB1D5B2ECB2BDA4F62F95B12 /* AdventureServiceTests.swift */ = {isa = PBXFileReference; lastKnownFileType = sourcecode.swift; path = AdventureServiceTests.swift; sourceTree = "<group>"; };
		C28907C1C2F454066D9FD614 /* HATheme.swift */ = {isa = PBXFileReference; lastKnownFileType = sourcecode.swift; path = HATheme.swift; sourceTree = "<group>"; };
		CDF7EF28E13F858A8A323023 /* AdventureDetailScreenModel.swift */ = {isa = PBXFileReference; lastKnownFileType = sourcecode.swift; path = AdventureDetailScreenModel.swift; sourceTree = "<group>"; };
		D03C9F255C1253A3E7CEBA87 /* WelcomeScreenUITests.swift */ = {isa = PBXFileReference; lastKnownFileType = sourcecode.swift; path = WelcomeScreenUITests.swift; sourceTree = "<group>"; };
		D4C53BE638AC1AEE1B0EF53F /* AppRuntime.swift */ = {isa = PBXFileReference; lastKnownFileType = sourcecode.swift; path = AppRuntime.swift; sourceTree = "<group>"; };
		D7D16887C4FBEEAD1AAC53C6 /* VerificationCodeView.swift */ = {isa = PBXFileReference; lastKnownFileType = sourcecode.swift; path = VerificationCodeView.swift; sourceTree = "<group>"; };
		DEBD234077F99604B20D3700 /* FeedView.swift */ = {isa = PBXFileReference; lastKnownFileType = sourcecode.swift; path = FeedView.swift; sourceTree = "<group>"; };
		DEE9CDCE65CAC9ED874ADC91 /* CreatePhotosScreenUITests.swift */ = {isa = PBXFileReference; lastKnownFileType = sourcecode.swift; path = CreatePhotosScreenUITests.swift; sourceTree = "<group>"; };
		DF0D6EAEC5DC0568832CF9E0 /* AppCoordinator.swift */ = {isa = PBXFileReference; lastKnownFileType = sourcecode.swift; path = AppCoordinator.swift; sourceTree = "<group>"; };
		E5B8DC51912FF08F694F7355 /* ProfileScreenUITests.swift */ = {isa = PBXFileReference; lastKnownFileType = sourcecode.swift; path = ProfileScreenUITests.swift; sourceTree = "<group>"; };
		E6A53E432DA9DAF9850E1E7D /* AuthService.swift */ = {isa = PBXFileReference; lastKnownFileType = sourcecode.swift; path = AuthService.swift; sourceTree = "<group>"; };
		EB87F70F720779779FE45065 /* HiddenAdventures.app */ = {isa = PBXFileReference; includeInIndex = 0; lastKnownFileType = wrapper.application; path = HiddenAdventures.app; sourceTree = BUILT_PRODUCTS_DIR; };
		F43A73CAE79695A47AF0A128 /* ProfileView.swift */ = {isa = PBXFileReference; lastKnownFileType = sourcecode.swift; path = ProfileView.swift; sourceTree = "<group>"; };
		F7ACE178766C7775048192A0 /* AdventureService.swift */ = {isa = PBXFileReference; lastKnownFileType = sourcecode.swift; path = AdventureService.swift; sourceTree = "<group>"; };
		FF981AA58002EB9F259A6D6A /* HiddenAdventuresApp.swift */ = {isa = PBXFileReference; lastKnownFileType = sourcecode.swift; path = HiddenAdventuresApp.swift; sourceTree = "<group>"; };
/* End PBXFileReference section */

/* Begin PBXGroup section */
		06039346776127D8E1682D38 /* Screens */ = {
			isa = PBXGroup;
			children = (
				878A93B1461049232AB47961 /* CreateDetailsScreenUITests.swift */,
				4029AF47246E5C1FE6C6F21A /* CreateLocationSheetUITests.swift */,
				DEE9CDCE65CAC9ED874ADC91 /* CreatePhotosScreenUITests.swift */,
				9E13547CAFE706BA9FCD8491 /* DetailScreenUITests.swift */,
				5A57CF53873D2F336149EB1A /* ExploreFeedScreenUITests.swift */,
				49F6D8A697BBF8A5AF67AE12 /* ExploreMapScreenUITests.swift */,
				E5B8DC51912FF08F694F7355 /* ProfileScreenUITests.swift */,
				D03C9F255C1253A3E7CEBA87 /* WelcomeScreenUITests.swift */,
			);
			path = Screens;
			sourceTree = "<group>";
		};
		12042FEDBB0F6CE952B293BB /* Products */ = {
			isa = PBXGroup;
			children = (
				EB87F70F720779779FE45065 /* HiddenAdventures.app */,
				3E56BC51D3E8E025063FCD2E /* HiddenAdventuresTests.xctest */,
				808A87D5F1BF4CFE8454A0FB /* HiddenAdventuresUITests.xctest */,
			);
			name = Products;
			sourceTree = "<group>";
		};
		1CB306596B1817E59CE53E02 /* CreateAdventure */ = {
			isa = PBXGroup;
			children = (
				11C94430132D9F87A520CB09 /* CreateAdventureScreenModel.swift */,
				40D77A572154244836C95B3E /* CreateAdventureView.swift */,
			);
			path = CreateAdventure;
			sourceTree = "<group>";
		};
		1DAFE7870DD5ADD2DDBE97F3 /* Base */ = {
			isa = PBXGroup;
			children = (
				4EF356DA0F457DD8875DF255 /* HiddenAdventuresUITestCase.swift */,
			);
			path = Base;
			sourceTree = "<group>";
		};
		20C12242F95980704EE3812D /* ProfileBootstrap */ = {
			isa = PBXGroup;
			children = (
				A2A8856125A0CA6BB1A9B602 /* ProfileSetupView.swift */,
			);
			path = ProfileBootstrap;
			sourceTree = "<group>";
		};
		4A1F5C5CFEB6F26BA9B4B6BA /* AdventureDetail */ = {
			isa = PBXGroup;
			children = (
				CDF7EF28E13F858A8A323023 /* AdventureDetailScreenModel.swift */,
				51AEB6FD9CC9D30EC2CC883E /* AdventureDetailView.swift */,
			);
			path = AdventureDetail;
			sourceTree = "<group>";
		};
		5A16923AE4BFD7FCA508CB4D /* Infrastructure */ = {
			isa = PBXGroup;
			children = (
				04ED8E7C985A6D2822EB21E0 /* AdventurePresentation.swift */,
				4E511B17A0ECDFA6F1AB77E8 /* APIClient.swift */,
				44C2C944F4B8A9D7340E147E /* AppLogger.swift */,
				D4C53BE638AC1AEE1B0EF53F /* AppRuntime.swift */,
				7152BCD3FCE7EB6F6DF3D607 /* AppSession.swift */,
			);
			path = Infrastructure;
			sourceTree = "<group>";
		};
		5A62201A62CA9E97C131C9B6 /* Profile */ = {
			isa = PBXGroup;
			children = (
				F43A73CAE79695A47AF0A128 /* ProfileView.swift */,
			);
			path = Profile;
			sourceTree = "<group>";
		};
		6CF1AF50D57A2A1F4BCC4F20 /* DesignSystem */ = {
			isa = PBXGroup;
			children = (
				0E40A4A859110E763484291F /* HAComponents.swift */,
				C28907C1C2F454066D9FD614 /* HATheme.swift */,
			);
			path = DesignSystem;
			sourceTree = "<group>";
		};
		738BAC709F49B08D4EE36609 /* Resources */ = {
			isa = PBXGroup;
			children = (
				8853742130D14660B95AFB3A /* Assets.xcassets */,
			);
			path = Resources;
			sourceTree = "<group>";
		};
		85F7323197D11952A9B18FDB /* Models */ = {
			isa = PBXGroup;
			children = (
				88AEF072A39B651C9DDE2C67 /* DomainModels.swift */,
			);
			path = Models;
			sourceTree = "<group>";
		};
		8728E8C8A9491542C1D6E724 /* Features */ = {
			isa = PBXGroup;
			children = (
				4A1F5C5CFEB6F26BA9B4B6BA /* AdventureDetail */,
				1CB306596B1817E59CE53E02 /* CreateAdventure */,
				FC61830ABAC26CE0AB6C717C /* Explore */,
				C9C995517BF0BFD5909370F1 /* Onboarding */,
				5A62201A62CA9E97C131C9B6 /* Profile */,
				20C12242F95980704EE3812D /* ProfileBootstrap */,
			);
			path = Features;
			sourceTree = "<group>";
		};
		87BD4C84611E9C3B3B317DCE /* Tests */ = {
			isa = PBXGroup;
			children = (
				BB1D5B2ECB2BDA4F62F95B12 /* AdventureServiceTests.swift */,
				A54CD3A506F4844D6ADED50F /* APIClientTests.swift */,
				40DD20342AFA48F59E803B89 /* AppAuthServiceTests.swift */,
				0AC6E797CF0BA0AEC6CD09C5 /* AppSessionTests.swift */,
				0FB2EE7B37F2B8D24184BFC1 /* CategoryTests.swift */,
			);
			path = Tests;
			sourceTree = "<group>";
		};
		8F0AF61E7DB85DCBFCC655FE /* Flows */ = {
			isa = PBXGroup;
			children = (
				1FCDFA427313D13A957A8283 /* WalkthroughFlowUITests.swift */,
			);
			path = Flows;
			sourceTree = "<group>";
		};
		8F3F60336DEB74234F65FCDC /* Services */ = {
			isa = PBXGroup;
			children = (
				F7ACE178766C7775048192A0 /* AdventureService.swift */,
				6457D56B398A66AA58579E9B /* AppAuthService.swift */,
				E6A53E432DA9DAF9850E1E7D /* AuthService.swift */,
				6728D21F886AE321FCB1FCF7 /* MockFixtures.swift */,
				85DEB3130C9F6520644EA13B /* ProfileService.swift */,
			);
			path = Services;
			sourceTree = "<group>";
		};
		A1238FFB3500EC585085AA40 /* UITests */ = {
			isa = PBXGroup;
			children = (
				1DAFE7870DD5ADD2DDBE97F3 /* Base */,
				8F0AF61E7DB85DCBFCC655FE /* Flows */,
				B9D4889BAD47E866501D14C4 /* Regression */,
				06039346776127D8E1682D38 /* Screens */,
				F04D4476343699AA783F2BF6 /* TestPlans */,
			);
			path = UITests;
			sourceTree = "<group>";
		};
		A510D2FDDD997580938528D7 /* App */ = {
			isa = PBXGroup;
			children = (
				DF0D6EAEC5DC0568832CF9E0 /* AppCoordinator.swift */,
				FF981AA58002EB9F259A6D6A /* HiddenAdventuresApp.swift */,
				2B33EC6D97B65EF29FDCB70C /* RootView.swift */,
				6CF1AF50D57A2A1F4BCC4F20 /* DesignSystem */,
				8728E8C8A9491542C1D6E724 /* Features */,
				5A16923AE4BFD7FCA508CB4D /* Infrastructure */,
				85F7323197D11952A9B18FDB /* Models */,
				8F3F60336DEB74234F65FCDC /* Services */,
			);
			path = App;
			sourceTree = "<group>";
		};
		B9D4889BAD47E866501D14C4 /* Regression */ = {
			isa = PBXGroup;
			children = (
				1456AD27A70CE746F35FB259 /* DetailLayoutRegressionUITests.swift */,
				725134AE2289C5B714A9678B /* ScreenGalleryRegressionUITests.swift */,
			);
			path = Regression;
			sourceTree = "<group>";
		};
		C9C995517BF0BFD5909370F1 /* Onboarding */ = {
			isa = PBXGroup;
			children = (
				54906CF98DFC7DC399031293 /* EmailAuthView.swift */,
				D7D16887C4FBEEAD1AAC53C6 /* VerificationCodeView.swift */,
				A85B19635A8492F38A602880 /* WelcomeView.swift */,
			);
			path = Onboarding;
			sourceTree = "<group>";
		};
		EE413C19A988380DB34C497F = {
			isa = PBXGroup;
			children = (
				A510D2FDDD997580938528D7 /* App */,
				738BAC709F49B08D4EE36609 /* Resources */,
				87BD4C84611E9C3B3B317DCE /* Tests */,
				A1238FFB3500EC585085AA40 /* UITests */,
				12042FEDBB0F6CE952B293BB /* Products */,
			);
			sourceTree = "<group>";
		};
		F04D4476343699AA783F2BF6 /* TestPlans */ = {
			isa = PBXGroup;
			children = (
				5C9F2A9B9224FAF9211A1630 /* FullRegression.xctestplan */,
				98F32FF7C481D4985E9CB46A /* LocalDev.xctestplan */,
			);
			path = TestPlans;
			sourceTree = "<group>";
		};
		FC61830ABAC26CE0AB6C717C /* Explore */ = {
			isa = PBXGroup;
			children = (
				742712AC53B2228B513E2B06 /* ExploreShellView.swift */,
				DEBD234077F99604B20D3700 /* FeedView.swift */,
				7B9C204CDC9CECCE3B5C52BB /* MapExploreView.swift */,
			);
			path = Explore;
			sourceTree = "<group>";
		};
/* End PBXGroup section */

/* Begin PBXNativeTarget section */
		2E243C4235B4CFEF9545C046 /* HiddenAdventuresUITests */ = {
			isa = PBXNativeTarget;
			buildConfigurationList = 26D1DEC77D2206A6D38CFF88 /* Build configuration list for PBXNativeTarget "HiddenAdventuresUITests" */;
			buildPhases = (
				20D8DF074CC6FC9698BC104C /* Sources */,
			);
			buildRules = (
			);
			dependencies = (
				7D1B52E86DA21951F8E452F3 /* PBXTargetDependency */,
			);
			name = HiddenAdventuresUITests;
			packageProductDependencies = (
			);
			productName = HiddenAdventuresUITests;
			productReference = 808A87D5F1BF4CFE8454A0FB /* HiddenAdventuresUITests.xctest */;
			productType = "com.apple.product-type.bundle.ui-testing";
		};
		483EE0774C13FB5827CD3D20 /* HiddenAdventuresTests */ = {
			isa = PBXNativeTarget;
			buildConfigurationList = 32FCF9CFAA7E608D9E6E7876 /* Build configuration list for PBXNativeTarget "HiddenAdventuresTests" */;
			buildPhases = (
				3FEB69697EDBEE2F47A39B44 /* Sources */,
			);
			buildRules = (
			);
			dependencies = (
				9CF994987E960E98CDA78962 /* PBXTargetDependency */,
			);
			name = HiddenAdventuresTests;
			packageProductDependencies = (
			);
			productName = HiddenAdventuresTests;
			productReference = 3E56BC51D3E8E025063FCD2E /* HiddenAdventuresTests.xctest */;
			productType = "com.apple.product-type.bundle.unit-test";
		};
		B98AE35036B51D3B2379C6A2 /* HiddenAdventures */ = {
			isa = PBXNativeTarget;
			buildConfigurationList = D291D6B0999B77BDC91F4357 /* Build configuration list for PBXNativeTarget "HiddenAdventures" */;
			buildPhases = (
				6283027F47A142E5477CECF0 /* Sources */,
				4CBEC4271AA4A33C4ABE59EA /* Resources */,
			);
			buildRules = (
			);
			dependencies = (
			);
			name = HiddenAdventures;
			packageProductDependencies = (
			);
			productName = HiddenAdventures;
			productReference = EB87F70F720779779FE45065 /* HiddenAdventures.app */;
			productType = "com.apple.product-type.application";
		};
/* End PBXNativeTarget section */

/* Begin PBXProject section */
		D5D621C1B400F524E9218075 /* Project object */ = {
			isa = PBXProject;
			attributes = {
				BuildIndependentTargetsInParallel = YES;
				LastUpgradeCheck = 1430;
				TargetAttributes = {
					2E243C4235B4CFEF9545C046 = {
						ProvisioningStyle = Automatic;
						TestTargetID = B98AE35036B51D3B2379C6A2;
					};
					483EE0774C13FB5827CD3D20 = {
						ProvisioningStyle = Automatic;
					};
					B98AE35036B51D3B2379C6A2 = {
						ProvisioningStyle = Automatic;
					};
				};
			};
			buildConfigurationList = 5161FD6C0CDAD67608D7A009 /* Build configuration list for PBXProject "HiddenAdventures" */;
			developmentRegion = en;
			hasScannedForEncodings = 0;
			knownRegions = (
				Base,
				en,
			);
			mainGroup = EE413C19A988380DB34C497F;
			minimizedProjectReferenceProxies = 1;
			preferredProjectObjectVersion = 77;
			productRefGroup = 12042FEDBB0F6CE952B293BB /* Products */;
			projectDirPath = "";
			projectRoot = "";
			targets = (
				B98AE35036B51D3B2379C6A2 /* HiddenAdventures */,
				483EE0774C13FB5827CD3D20 /* HiddenAdventuresTests */,
				2E243C4235B4CFEF9545C046 /* HiddenAdventuresUITests */,
			);
		};
/* End PBXProject section */

/* Begin PBXResourcesBuildPhase section */
		4CBEC4271AA4A33C4ABE59EA /* Resources */ = {
			isa = PBXResourcesBuildPhase;
			buildActionMask = 2147483647;
			files = (
				BB778F9D50706FEC787C6EB1 /* Assets.xcassets in Resources */,
			);
			runOnlyForDeploymentPostprocessing = 0;
		};
/* End PBXResourcesBuildPhase section */

/* Begin PBXSourcesBuildPhase section */
		20D8DF074CC6FC9698BC104C /* Sources */ = {
			isa = PBXSourcesBuildPhase;
			buildActionMask = 2147483647;
			files = (
				14BA6C2A8C833314C7A48661 /* CreateDetailsScreenUITests.swift in Sources */,
				330303AA9C434504A8A84B62 /* CreateLocationSheetUITests.swift in Sources */,
				EFD205891C2C36C8AF087561 /* CreatePhotosScreenUITests.swift in Sources */,
				CBFAE28EBF8C6494CB5ADDD5 /* DetailLayoutRegressionUITests.swift in Sources */,
				667E9CB3F5192D2F2618F4F5 /* DetailScreenUITests.swift in Sources */,
				EA97DCAAFFFC08E4DE48099B /* ExploreFeedScreenUITests.swift in Sources */,
				1A06676D1FCC7C3735C1B8FF /* ExploreMapScreenUITests.swift in Sources */,
				25F552FC297E51936B4D87F4 /* HiddenAdventuresUITestCase.swift in Sources */,
				DB55771CA83A3CBFEE066EA5 /* ProfileScreenUITests.swift in Sources */,
				BAEF7813756E5167B6B263FE /* ScreenGalleryRegressionUITests.swift in Sources */,
				6EE6AC8E2576DE9484094829 /* WalkthroughFlowUITests.swift in Sources */,
				91B11263D979B8D63EB2E15D /* WelcomeScreenUITests.swift in Sources */,
			);
			runOnlyForDeploymentPostprocessing = 0;
		};
		3FEB69697EDBEE2F47A39B44 /* Sources */ = {
			isa = PBXSourcesBuildPhase;
			buildActionMask = 2147483647;
			files = (
				0ACE0DF246E6C9113117D9D2 /* APIClientTests.swift in Sources */,
				D5807D3BB1478C4255B30064 /* AdventureServiceTests.swift in Sources */,
				9E6D7FE6A5B6C4039C4BF53C /* AppAuthServiceTests.swift in Sources */,
				7AEC3634F2409B8FE515F6FA /* AppSessionTests.swift in Sources */,
				474FDD68998A13DADD708AD5 /* CategoryTests.swift in Sources */,
			);
			runOnlyForDeploymentPostprocessing = 0;
		};
		6283027F47A142E5477CECF0 /* Sources */ = {
			isa = PBXSourcesBuildPhase;
			buildActionMask = 2147483647;
			files = (
				85AF54B80AFA8B5ECA6E7E46 /* APIClient.swift in Sources */,
				234169349DA29B0404333E26 /* AdventureDetailScreenModel.swift in Sources */,
				5B58C9379D10CC5F756AB455 /* AdventureDetailView.swift in Sources */,
				71B6DE7A2A03523127BDDA8C /* AdventurePresentation.swift in Sources */,
				F00FAC9FEA692263063DE968 /* AdventureService.swift in Sources */,
				8CDF375376256283378E729E /* AppAuthService.swift in Sources */,
				1A9F0B5216EB828C06527DD6 /* AppCoordinator.swift in Sources */,
				847A62A8477527C62F54C9EA /* AppLogger.swift in Sources */,
				14D0ACE06F9A6B84A86D42E8 /* AppRuntime.swift in Sources */,
				2D938DD14B8A27E3D0D7DE5F /* AppSession.swift in Sources */,
				70EE2C3E969A2DE0BA5DC8D5 /* AuthService.swift in Sources */,
				3214D501D6F3668543D18B6E /* CreateAdventureScreenModel.swift in Sources */,
				9C2079E9659C1A13B754D8DB /* CreateAdventureView.swift in Sources */,
				9ADA44B142A6FA2CA40C4B42 /* DomainModels.swift in Sources */,
				9850F8D83B318009FF879E7D /* EmailAuthView.swift in Sources */,
				62C06078139D3DE7646834ED /* ExploreShellView.swift in Sources */,
				A8C4B0E9F16AC84BEC0B95E9 /* FeedView.swift in Sources */,
				C9E91AFB760282C44A5742A1 /* HAComponents.swift in Sources */,
				AF5F56F417AC628A475C211F /* HATheme.swift in Sources */,
				D1D79C7D9E1EBDA25A8F421F /* HiddenAdventuresApp.swift in Sources */,
				7C1BD75A72A2384DDDF4B5E5 /* MapExploreView.swift in Sources */,
				50405A84C4F24E92D60CFA7B /* MockFixtures.swift in Sources */,
				297C277C6A85B02B7C78DFB3 /* ProfileService.swift in Sources */,
				3F49A76E8A480F177CC5E38C /* ProfileSetupView.swift in Sources */,
				B6D4E78A2B750DF065BCF686 /* ProfileView.swift in Sources */,
				5FF1999DA0CDC78210EAAEC8 /* RootView.swift in Sources */,
				578DEF1A228358CEBBE4BE49 /* VerificationCodeView.swift in Sources */,
				67B2C8F82886F8611EA41B19 /* WelcomeView.swift in Sources */,
			);
			runOnlyForDeploymentPostprocessing = 0;
		};
/* End PBXSourcesBuildPhase section */

/* Begin PBXTargetDependency section */
		7D1B52E86DA21951F8E452F3 /* PBXTargetDependency */ = {
			isa = PBXTargetDependency;
			target = B98AE35036B51D3B2379C6A2 /* HiddenAdventures */;
			targetProxy = 08556D58D96155637E95DD71 /* PBXContainerItemProxy */;
		};
		9CF994987E960E98CDA78962 /* PBXTargetDependency */ = {
			isa = PBXTargetDependency;
			target = B98AE35036B51D3B2379C6A2 /* HiddenAdventures */;
			targetProxy = FF5E2750337553FDBDC5CDA6 /* PBXContainerItemProxy */;
		};
/* End PBXTargetDependency section */

/* Begin XCBuildConfiguration section */
		0BDACA920C5867DE59E3FCEA /* Debug */ = {
			isa = XCBuildConfiguration;
			buildSettings = {
				BUNDLE_LOADER = "$(TEST_HOST)";
				CODE_SIGN_STYLE = Automatic;
				GENERATE_INFOPLIST_FILE = YES;
				IPHONEOS_DEPLOYMENT_TARGET = 18.0;
				LD_RUNPATH_SEARCH_PATHS = (
					"$(inherited)",
					"@executable_path/Frameworks",
					"@loader_path/Frameworks",
				);
				PRODUCT_BUNDLE_IDENTIFIER = com.hiddenadventures.ios.uitests;
				SDKROOT = iphoneos;
				TARGETED_DEVICE_FAMILY = "1,2";
				TEST_TARGET_NAME = HiddenAdventures;
			};
			name = Debug;
		};
		0F4C0462246F4AC176298245 /* Release */ = {
			isa = XCBuildConfiguration;
			buildSettings = {
				BUNDLE_LOADER = "$(TEST_HOST)";
				CODE_SIGN_STYLE = Automatic;
				GENERATE_INFOPLIST_FILE = YES;
				IPHONEOS_DEPLOYMENT_TARGET = 18.0;
				LD_RUNPATH_SEARCH_PATHS = (
					"$(inherited)",
					"@executable_path/Frameworks",
					"@loader_path/Frameworks",
				);
				PRODUCT_BUNDLE_IDENTIFIER = com.hiddenadventures.ios.uitests;
				SDKROOT = iphoneos;
				TARGETED_DEVICE_FAMILY = "1,2";
				TEST_TARGET_NAME = HiddenAdventures;
			};
			name = Release;
		};
		2CE09E2B7A1D15D36DB0559B /* Debug */ = {
			isa = XCBuildConfiguration;
			buildSettings = {
				BUNDLE_LOADER = "$(TEST_HOST)";
				CODE_SIGN_STYLE = Automatic;
				GENERATE_INFOPLIST_FILE = YES;
				IPHONEOS_DEPLOYMENT_TARGET = 18.0;
				LD_RUNPATH_SEARCH_PATHS = (
					"$(inherited)",
					"@executable_path/Frameworks",
					"@loader_path/Frameworks",
				);
				PRODUCT_BUNDLE_IDENTIFIER = com.hiddenadventures.ios.tests;
				SDKROOT = iphoneos;
				TARGETED_DEVICE_FAMILY = "1,2";
				TEST_HOST = "$(BUILT_PRODUCTS_DIR)/HiddenAdventures.app/HiddenAdventures";
			};
			name = Debug;
		};
		6A5EE3C89C17496E9AA45585 /* Release */ = {
			isa = XCBuildConfiguration;
			buildSettings = {
				ALWAYS_SEARCH_USER_PATHS = NO;
				CLANG_ANALYZER_NONNULL = YES;
				CLANG_ANALYZER_NUMBER_OBJECT_CONVERSION = YES_AGGRESSIVE;
				CLANG_CXX_LANGUAGE_STANDARD = "gnu++14";
				CLANG_CXX_LIBRARY = "libc++";
				CLANG_ENABLE_MODULES = YES;
				CLANG_ENABLE_OBJC_ARC = YES;
				CLANG_ENABLE_OBJC_WEAK = YES;
				CLANG_WARN_BLOCK_CAPTURE_AUTORELEASING = YES;
				CLANG_WARN_BOOL_CONVERSION = YES;
				CLANG_WARN_COMMA = YES;
				CLANG_WARN_CONSTANT_CONVERSION = YES;
				CLANG_WARN_DEPRECATED_OBJC_IMPLEMENTATIONS = YES;
				CLANG_WARN_DIRECT_OBJC_ISA_USAGE = YES_ERROR;
				CLANG_WARN_DOCUMENTATION_COMMENTS = YES;
				CLANG_WARN_EMPTY_BODY = YES;
				CLANG_WARN_ENUM_CONVERSION = YES;
				CLANG_WARN_INFINITE_RECURSION = YES;
				CLANG_WARN_INT_CONVERSION = YES;
				CLANG_WARN_NON_LITERAL_NULL_CONVERSION = YES;
				CLANG_WARN_OBJC_IMPLICIT_RETAIN_SELF = YES;
				CLANG_WARN_OBJC_LITERAL_CONVERSION = YES;
				CLANG_WARN_OBJC_ROOT_CLASS = YES_ERROR;
				CLANG_WARN_QUOTED_INCLUDE_IN_FRAMEWORK_HEADER = YES;
				CLANG_WARN_RANGE_LOOP_ANALYSIS = YES;
				CLANG_WARN_STRICT_PROTOTYPES = YES;
				CLANG_WARN_SUSPICIOUS_MOVE = YES;
				CLANG_WARN_UNGUARDED_AVAILABILITY = YES_AGGRESSIVE;
				CLANG_WARN_UNREACHABLE_CODE = YES;
				CLANG_WARN__DUPLICATE_METHOD_MATCH = YES;
				COPY_PHASE_STRIP = NO;
				CURRENT_PROJECT_VERSION = 1;
				DEBUG_INFORMATION_FORMAT = "dwarf-with-dsym";
				ENABLE_NS_ASSERTIONS = NO;
				ENABLE_STRICT_OBJC_MSGSEND = YES;
				ENABLE_USER_SCRIPT_SANDBOXING = YES;
				GCC_C_LANGUAGE_STANDARD = gnu11;
				GCC_NO_COMMON_BLOCKS = YES;
				GCC_WARN_64_TO_32_BIT_CONVERSION = YES;
				GCC_WARN_ABOUT_RETURN_TYPE = YES_ERROR;
				GCC_WARN_UNDECLARED_SELECTOR = YES;
				GCC_WARN_UNINITIALIZED_AUTOS = YES_AGGRESSIVE;
				GCC_WARN_UNUSED_FUNCTION = YES;
				GCC_WARN_UNUSED_VARIABLE = YES;
				IPHONEOS_DEPLOYMENT_TARGET = 18.0;
				MARKETING_VERSION = 0.1;
				MTL_ENABLE_DEBUG_INFO = NO;
				MTL_FAST_MATH = YES;
				PRODUCT_NAME = "$(TARGET_NAME)";
				SDKROOT = iphoneos;
				STRING_CATALOG_GENERATE_SYMBOLS = YES;
				SWIFT_COMPILATION_MODE = wholemodule;
				SWIFT_OPTIMIZATION_LEVEL = "-O";
				SWIFT_VERSION = 5.0;
			};
			name = Release;
		};
		6B407B76C08C115736F23DA5 /* Release */ = {
			isa = XCBuildConfiguration;
			buildSettings = {
				ASSETCATALOG_COMPILER_APPICON_NAME = AppIcon;
				CODE_SIGN_IDENTITY = "iPhone Developer";
				CODE_SIGN_STYLE = Automatic;
				GENERATE_INFOPLIST_FILE = YES;
				INFOPLIST_KEY_UIApplicationSupportsIndirectInputEvents = YES;
				INFOPLIST_KEY_UILaunchScreen_Generation = YES;
				IPHONEOS_DEPLOYMENT_TARGET = 18.0;
				LD_RUNPATH_SEARCH_PATHS = (
					"$(inherited)",
					"@executable_path/Frameworks",
				);
				PRODUCT_BUNDLE_IDENTIFIER = com.hiddenadventures.ios;
				SDKROOT = iphoneos;
				TARGETED_DEVICE_FAMILY = 1;
			};
			name = Release;
		};
		860F1824BA086B6B756AB72F /* Release */ = {
			isa = XCBuildConfiguration;
			buildSettings = {
				BUNDLE_LOADER = "$(TEST_HOST)";
				CODE_SIGN_STYLE = Automatic;
				GENERATE_INFOPLIST_FILE = YES;
				IPHONEOS_DEPLOYMENT_TARGET = 18.0;
				LD_RUNPATH_SEARCH_PATHS = (
					"$(inherited)",
					"@executable_path/Frameworks",
					"@loader_path/Frameworks",
				);
				PRODUCT_BUNDLE_IDENTIFIER = com.hiddenadventures.ios.tests;
				SDKROOT = iphoneos;
				TARGETED_DEVICE_FAMILY = "1,2";
				TEST_HOST = "$(BUILT_PRODUCTS_DIR)/HiddenAdventures.app/HiddenAdventures";
			};
			name = Release;
		};
		B873732BC868B2653E925CC4 /* Debug */ = {
			isa = XCBuildConfiguration;
			buildSettings = {
				ASSETCATALOG_COMPILER_APPICON_NAME = AppIcon;
				CODE_SIGN_IDENTITY = "iPhone Developer";
				CODE_SIGN_STYLE = Automatic;
				GENERATE_INFOPLIST_FILE = YES;
				INFOPLIST_KEY_UIApplicationSupportsIndirectInputEvents = YES;
				INFOPLIST_KEY_UILaunchScreen_Generation = YES;
				IPHONEOS_DEPLOYMENT_TARGET = 18.0;
				LD_RUNPATH_SEARCH_PATHS = (
					"$(inherited)",
					"@executable_path/Frameworks",
				);
				PRODUCT_BUNDLE_IDENTIFIER = com.hiddenadventures.ios;
				SDKROOT = iphoneos;
				TARGETED_DEVICE_FAMILY = 1;
			};
			name = Debug;
		};
		C165F8A6D649C87A73673F3A /* Debug */ = {
			isa = XCBuildConfiguration;
			buildSettings = {
				ALWAYS_SEARCH_USER_PATHS = NO;
				CLANG_ANALYZER_NONNULL = YES;
				CLANG_ANALYZER_NUMBER_OBJECT_CONVERSION = YES_AGGRESSIVE;
				CLANG_CXX_LANGUAGE_STANDARD = "gnu++14";
				CLANG_CXX_LIBRARY = "libc++";
				CLANG_ENABLE_MODULES = YES;
				CLANG_ENABLE_OBJC_ARC = YES;
				CLANG_ENABLE_OBJC_WEAK = YES;
				CLANG_WARN_BLOCK_CAPTURE_AUTORELEASING = YES;
				CLANG_WARN_BOOL_CONVERSION = YES;
				CLANG_WARN_COMMA = YES;
				CLANG_WARN_CONSTANT_CONVERSION = YES;
				CLANG_WARN_DEPRECATED_OBJC_IMPLEMENTATIONS = YES;
				CLANG_WARN_DIRECT_OBJC_ISA_USAGE = YES_ERROR;
				CLANG_WARN_DOCUMENTATION_COMMENTS = YES;
				CLANG_WARN_EMPTY_BODY = YES;
				CLANG_WARN_ENUM_CONVERSION = YES;
				CLANG_WARN_INFINITE_RECURSION = YES;
				CLANG_WARN_INT_CONVERSION = YES;
				CLANG_WARN_NON_LITERAL_NULL_CONVERSION = YES;
				CLANG_WARN_OBJC_IMPLICIT_RETAIN_SELF = YES;
				CLANG_WARN_OBJC_LITERAL_CONVERSION = YES;
				CLANG_WARN_OBJC_ROOT_CLASS = YES_ERROR;
				CLANG_WARN_QUOTED_INCLUDE_IN_FRAMEWORK_HEADER = YES;
				CLANG_WARN_RANGE_LOOP_ANALYSIS = YES;
				CLANG_WARN_STRICT_PROTOTYPES = YES;
				CLANG_WARN_SUSPICIOUS_MOVE = YES;
				CLANG_WARN_UNGUARDED_AVAILABILITY = YES_AGGRESSIVE;
				CLANG_WARN_UNREACHABLE_CODE = YES;
				CLANG_WARN__DUPLICATE_METHOD_MATCH = YES;
				COPY_PHASE_STRIP = NO;
				CURRENT_PROJECT_VERSION = 1;
				DEBUG_INFORMATION_FORMAT = dwarf;
				ENABLE_STRICT_OBJC_MSGSEND = YES;
				ENABLE_TESTABILITY = YES;
				ENABLE_USER_SCRIPT_SANDBOXING = YES;
				GCC_C_LANGUAGE_STANDARD = gnu11;
				GCC_DYNAMIC_NO_PIC = NO;
				GCC_NO_COMMON_BLOCKS = YES;
				GCC_OPTIMIZATION_LEVEL = 0;
				GCC_PREPROCESSOR_DEFINITIONS = (
					"$(inherited)",
					"DEBUG=1",
				);
				GCC_WARN_64_TO_32_BIT_CONVERSION = YES;
				GCC_WARN_ABOUT_RETURN_TYPE = YES_ERROR;
				GCC_WARN_UNDECLARED_SELECTOR = YES;
				GCC_WARN_UNINITIALIZED_AUTOS = YES_AGGRESSIVE;
				GCC_WARN_UNUSED_FUNCTION = YES;
				GCC_WARN_UNUSED_VARIABLE = YES;
				IPHONEOS_DEPLOYMENT_TARGET = 18.0;
				MARKETING_VERSION = 0.1;
				MTL_ENABLE_DEBUG_INFO = INCLUDE_SOURCE;
				MTL_FAST_MATH = YES;
				ONLY_ACTIVE_ARCH = YES;
				PRODUCT_NAME = "$(TARGET_NAME)";
				SDKROOT = iphoneos;
				STRING_CATALOG_GENERATE_SYMBOLS = YES;
				SWIFT_ACTIVE_COMPILATION_CONDITIONS = DEBUG;
				SWIFT_OPTIMIZATION_LEVEL = "-Onone";
				SWIFT_VERSION = 5.0;
			};
			name = Debug;
		};
/* End XCBuildConfiguration section */

/* Begin XCConfigurationList section */
		26D1DEC77D2206A6D38CFF88 /* Build configuration list for PBXNativeTarget "HiddenAdventuresUITests" */ = {
			isa = XCConfigurationList;
			buildConfigurations = (
				0BDACA920C5867DE59E3FCEA /* Debug */,
				0F4C0462246F4AC176298245 /* Release */,
			);
			defaultConfigurationIsVisible = 0;
			defaultConfigurationName = Debug;
		};
		32FCF9CFAA7E608D9E6E7876 /* Build configuration list for PBXNativeTarget "HiddenAdventuresTests" */ = {
			isa = XCConfigurationList;
			buildConfigurations = (
				2CE09E2B7A1D15D36DB0559B /* Debug */,
				860F1824BA086B6B756AB72F /* Release */,
			);
			defaultConfigurationIsVisible = 0;
			defaultConfigurationName = Debug;
		};
		5161FD6C0CDAD67608D7A009 /* Build configuration list for PBXProject "HiddenAdventures" */ = {
			isa = XCConfigurationList;
			buildConfigurations = (
				C165F8A6D649C87A73673F3A /* Debug */,
				6A5EE3C89C17496E9AA45585 /* Release */,
			);
			defaultConfigurationIsVisible = 0;
			defaultConfigurationName = Debug;
		};
		D291D6B0999B77BDC91F4357 /* Build configuration list for PBXNativeTarget "HiddenAdventures" */ = {
			isa = XCConfigurationList;
			buildConfigurations = (
				B873732BC868B2653E925CC4 /* Debug */,
				6B407B76C08C115736F23DA5 /* Release */,
			);
			defaultConfigurationIsVisible = 0;
			defaultConfigurationName = Debug;
		};
/* End XCConfigurationList section */
	};
	rootObject = D5D621C1B400F524E9218075 /* Project object */;
}
